
Microsoft Visual Studio Solution File, Format Version 12.00
# Visual Studio 15
VisualStudioVersion = 15.0.28010.2046
MinimumVisualStudioVersion = 10.0.40219.1
Project("{FAE04EC0-301F-11D3-BF4B-00C04F79EFBC}") = "TestUseGitHubForDeployment", "TestUseGitHubForDeployment\TestUseGitHubForDeployment.csproj", "{3EC474C6-DBB7-4CFD-9C42-A6CDE07F1C99}"
EndProject
Global
	GlobalSection(SolutionConfigurationPlatforms) = preSolution
		Debug|Any CPU = Debug|Any CPU
		Release|Any CPU = Release|Any CPU
	EndGlobalSection
	GlobalSection(ProjectConfigurationPlatforms) = postSolution
		{3EC474C6-DBB7-4CFD-9C42-A6CDE07F1C99}.Debug|Any CPU.ActiveCfg = Debug|Any CPU
		{3EC474C6-DBB7-4CFD-9C42-A6CDE07F1C99}.Debug|Any CPU.Build.0 = Debug|Any CPU
		{3EC474C6-DBB7-4CFD-9C42-A6CDE07F1C99}.Release|Any CPU.ActiveCfg = Release|Any CPU
		{3EC474C6-DBB7-4CFD-9C42-A6CDE07F1C99}.Release|Any CPU.Build.0 = Release|Any CPU
	EndGlobalSection
	GlobalSection(SolutionProperties) = preSolution
		HideSolutionNode = FALSE
	EndGlobalSection
	GlobalSection(ExtensibilityGlobals) = postSolution
		SolutionGuid = {36D5DF73-505B-4A5A-88B5-99C0692123BC}
	EndGlobalSection
EndGlobal
